{
  "name": "linkshort",
  "version": "1.0.1",
  "lockfileVersion": 1,
  "requires": true,
  "dependencies": {
    "@cfworker/base64url": {
      "version": "1.8.3",
      "resolved": "https://registry.npmjs.org/@cfworker/base64url/-/base64url-1.8.3.tgz",
      "integrity": "sha512-LVanG1bV094KC9yH+MOvMwn9I+DVKLcwOn7GlU07W1riIA1DUvVIjdtAC+K3wHSDBXe6ATQ401wSmOC/GE/FGg=="
    },
    "@cfworker/jwt": {
      "version": "1.8.4",
      "resolved": "https://registry.npmjs.org/@cfworker/jwt/-/jwt-1.8.4.tgz",
      "integrity": "sha512-fLHeCqp/XcXl7DXotlELKPKHwF/8z9oTpqHcK2AeaA5VQy7FD3dv0C3u9BNyMaNWj3Y9hc147BkT3rib/18Cvg==",
      "requires": {
        "@cfworker/base64url": "^1.8.3",
        "@cfworker/worker-types": "^1.8.0",
        "@cloudflare/workers-types": "^2.1.0"
      }
    },
    "@cfworker/worker-types": {
      "version": "1.8.0",
      "resolved": "https://registry.npmjs.org/@cfworker/worker-types/-/worker-types-1.8.0.tgz",
      "integrity": "sha512-J/jEY6CRuZqwtr/9dwjFJKPdG1MwWeihcKOKJFkbWQgBcvuf0I3HI8LXOd3XKV1LoMwBkLZan+WjN9YHJbJSwQ=="
    },
    "@cloudflare/workers-types": {
      "version": "2.2.2",
      "resolved": "https://registry.npmjs.org/@cloudflare/workers-types/-/workers-types-2.2.2.tgz",
      "integrity": "sha512-kaMn2rueJ0PL1TYVGknTCh0X0x0d9G+FNXAFep7/4uqecEZoQb/63o6rOmMuiqI09zLuHV6xhKRXinokV/MY9A=="
    },
    "itty-router": {
      "version": "2.4.2",
      "resolved": "https://registry.npmjs.org/itty-router/-/itty-router-2.4.2.tgz",
      "integrity": "sha512-VCJPoGKYrCoFSGQ9kko5prt66SHVppde498kj9XkMuZVrLCaG6xSIMIz/qaqW/mWk34BJPYGzhvWMf6l8g/CnA=="
    },
    "nanoid": {
      "version": "3.1.25",
      "resolved": "https://registry.npmjs.org/nanoid/-/nanoid-3.1.25.tgz",
      "integrity": "sha512-rdwtIXaXCLFAQbnfqDRnI6jaRHp9fTcYBjtFKE8eezcZ7LuLjhUaQGNeMXf1HmRoCH32CLz6XwX0TtxEOS/A3Q=="
    }
  }
}
