# THIS IS AN AUTOGENERATED FILE. DO NOT EDIT THIS FILE DIRECTLY.
# yarn lockfile v1


itty-router@^2.4.2:
  version "2.4.2"
  resolved "https://registry.yarnpkg.com/itty-router/-/itty-router-2.4.2.tgz#5680f880f618ef9dc14148f47b9885bd09e5a015"
  integrity sha512-VCJPoGKYrCoFSGQ9kko5prt66SHVppde498kj9XkMuZVrLCaG6xSIMIz/qaqW/mWk34BJPYGzhvWMf6l8g/CnA==

nanoid@^3.1.25:
  version "3.1.25"
  resolved "https://registry.yarnpkg.com/nanoid/-/nanoid-3.1.25.tgz#09ca32747c0e543f0e1814b7d3793477f9c8e152"
  integrity sha512-rdwtIXaXCLFAQbnfqDRnI6jaRHp9fTcYBjtFKE8eezcZ7LuLjhUaQGNeMXf1HmRoCH32CLz6XwX0TtxEOS/A3Q==
